{
  "version": 4,
  "terraform_version": "1.3.6",
  "serial": 21,
  "lineage": "4cfbc76c-e9a8-caa3-4414-252dfdf9a455",
  "outputs": {},
  "resources": [
    {
      "mode": "managed",
      "type": "github_repository",
      "name": "foo",
      "provider": "provider[\"registry.terraform.io/integrations/github\"]",
      "instances": [
        {
          "schema_version": 1,
          "attributes": {
            "allow_auto_merge": false,
            "allow_merge_commit": true,
            "allow_rebase_merge": true,
            "allow_squash_merge": true,
            "allow_update_branch": false,
            "archive_on_destroy": null,
            "archived": false,
            "auto_init": true,
            "default_branch": "master",
            "delete_branch_on_merge": false,
            "description": "",
            "etag": "W/\"4946bd2d8b83d3b20f069f2e2d8dc939a84fc311d33ad0aacb51fa296840402e\"",
            "full_name": "Santhosh-Nagarajan/tf-acc-test",
            "git_clone_url": "git://github.com/Santhosh-Nagarajan/tf-acc-test.git",
            "gitignore_template": null,
            "has_discussions": false,
            "has_downloads": false,
            "has_issues": false,
            "has_projects": false,
            "has_wiki": false,
            "homepage_url": "",
            "html_url": "https://github.com/Santhosh-Nagarajan/tf-acc-test",
            "http_clone_url": "https://github.com/Santhosh-Nagarajan/tf-acc-test.git",
            "id": "tf-acc-test",
            "ignore_vulnerability_alerts_during_read": null,
            "is_template": false,
            "license_template": null,
            "merge_commit_message": "PR_TITLE",
            "merge_commit_title": "MERGE_MESSAGE",
            "name": "tf-acc-test",
            "node_id": "R_kgDOJALzlg",
            "pages": [],
            "private": false,
            "repo_id": 604173206,
            "security_and_analysis": [
              {
                "advanced_security": [],
                "secret_scanning": [
                  {
                    "status": "disabled"
                  }
                ],
                "secret_scanning_push_protection": [
                  {
                    "status": "disabled"
                  }
                ]
              }
            ],
            "squash_merge_commit_message": "COMMIT_MESSAGES",
            "squash_merge_commit_title": "COMMIT_OR_PR_TITLE",
            "ssh_clone_url": "git@github.com:Santhosh-Nagarajan/tf-acc-test.git",
            "svn_url": "https://github.com/Santhosh-Nagarajan/tf-acc-test",
            "template": [],
            "topics": null,
            "visibility": "public",
            "vulnerability_alerts": false
          },
          "sensitive_attributes": [],
          "private": "eyJzY2hlbWFfdmVyc2lvbiI6IjEifQ=="
        }
      ]
    },
    {
      "mode": "managed",
      "type": "github_repository_file",
      "name": "foo",
      "provider": "provider[\"registry.terraform.io/integrations/github\"]",
      "instances": [
        {
          "schema_version": 0,
          "attributes": {
            "branch": "master",
            "commit_author": "Santhosh-Nagarajan",
            "commit_email": "nsmgbros001@gmail.com",
            "commit_message": "Managed second by Terraform",
            "commit_sha": "e69eab9ea7d410de0b29cc80806b703e9ef9d9f1",
            "content": "**/*.tfstate",
            "file": "*.txt",
            "id": "tf-acc-test/*.txt",
            "overwrite_on_create": true,
            "repository": "tf-acc-test",
            "sha": "237d7f116f496b3fcd78805370d2dc83192976b2"
          },
          "sensitive_attributes": [],
          "private": "bnVsbA==",
          "dependencies": [
            "github_repository.foo"
          ]
        }
      ]
    },
    {
      "mode": "managed",
      "type": "null_resource",
      "name": "github",
      "provider": "provider[\"registry.terraform.io/hashicorp/null\"]",
      "instances": [
        {
          "status": "tainted",
          "schema_version": 0,
          "attributes": {
            "id": "3675275018241842538",
            "triggers": null
          },
          "sensitive_attributes": []
        }
      ]
    }
  ],
  "check_results": null
}
